
Microsoft Visual Studio Solution File, Format Version 12.00
# Visual Studio Version 17
VisualStudioVersion = 17.10.35122.118
MinimumVisualStudioVersion = 10.0.40219.1
Project("{FAE04EC0-301F-11D3-BF4B-00C04F79EFBC}") = "FirstProject", "FirstProject\FirstProject.csproj", "{014D4FB1-0BBF-4DB7-A2B8-8AD78A2C7EC1}"
EndProject
Global
	GlobalSection(SolutionConfigurationPlatforms) = preSolution
		Debug|Any CPU = Debug|Any CPU
		Release|Any CPU = Release|Any CPU
	EndGlobalSection
	GlobalSection(ProjectConfigurationPlatforms) = postSolution
		{014D4FB1-0BBF-4DB7-A2B8-8AD78A2C7EC1}.Debug|Any CPU.ActiveCfg = Debug|Any CPU
		{014D4FB1-0BBF-4DB7-A2B8-8AD78A2C7EC1}.Debug|Any CPU.Build.0 = Debug|Any CPU
		{014D4FB1-0BBF-4DB7-A2B8-8AD78A2C7EC1}.Release|Any CPU.ActiveCfg = Release|Any CPU
		{014D4FB1-0BBF-4DB7-A2B8-8AD78A2C7EC1}.Release|Any CPU.Build.0 = Release|Any CPU
	EndGlobalSection
	GlobalSection(SolutionProperties) = preSolution
		HideSolutionNode = FALSE
	EndGlobalSection
	GlobalSection(ExtensibilityGlobals) = postSolution
		SolutionGuid = {A31361DE-E4FE-438F-B667-3C16A0EE243D}
	EndGlobalSection
EndGlobal
